
Microsoft Visual Studio Solution File, Format Version 12.00
# Visual Studio 15
VisualStudioVersion = 15.0.28307.852
MinimumVisualStudioVersion = 10.0.40219.1
Project("{FAE04EC0-301F-11D3-BF4B-00C04F79EFBC}") = "Caching", "..\Caching\Caching.csproj", "{D82646ED-6EC6-4625-8C90-1E1A3522BAAF}"
EndProject
Project("{FAE04EC0-301F-11D3-BF4B-00C04F79EFBC}") = "Caching.UnitTest", "..\Caching.UnitTest\Caching.UnitTest.csproj", "{885F2E7F-C91D-4274-A047-E75D463CF361}"
EndProject
Global
	GlobalSection(SolutionConfigurationPlatforms) = preSolution
		Debug|Any CPU = Debug|Any CPU
		Release|Any CPU = Release|Any CPU
	EndGlobalSection
	GlobalSection(ProjectConfigurationPlatforms) = postSolution
		{D82646ED-6EC6-4625-8C90-1E1A3522BAAF}.Debug|Any CPU.ActiveCfg = Debug|Any CPU
		{D82646ED-6EC6-4625-8C90-1E1A3522BAAF}.Debug|Any CPU.Build.0 = Debug|Any CPU
		{D82646ED-6EC6-4625-8C90-1E1A3522BAAF}.Release|Any CPU.ActiveCfg = Release|Any CPU
		{D82646ED-6EC6-4625-8C90-1E1A3522BAAF}.Release|Any CPU.Build.0 = Release|Any CPU
		{885F2E7F-C91D-4274-A047-E75D463CF361}.Debug|Any CPU.ActiveCfg = Debug|Any CPU
		{885F2E7F-C91D-4274-A047-E75D463CF361}.Debug|Any CPU.Build.0 = Debug|Any CPU
		{885F2E7F-C91D-4274-A047-E75D463CF361}.Release|Any CPU.ActiveCfg = Release|Any CPU
		{885F2E7F-C91D-4274-A047-E75D463CF361}.Release|Any CPU.Build.0 = Release|Any CPU
	EndGlobalSection
	GlobalSection(SolutionProperties) = preSolution
		HideSolutionNode = FALSE
	EndGlobalSection
	GlobalSection(ExtensibilityGlobals) = postSolution
		SolutionGuid = {1B645F1D-DCF2-492F-85D3-E6EBD45EBEBA}
	EndGlobalSection
EndGlobal
