
Microsoft Visual Studio Solution File, Format Version 12.00
# Visual Studio 15
VisualStudioVersion = 15.0.26730.16
MinimumVisualStudioVersion = 10.0.40219.1
Project("{2150E333-8FDC-42A3-9474-1A3956D46DE8}") = "01-Gateway", "01-Gateway", "{7198296F-AE84-4135-B8F7-552CA1AB0239}"
EndProject
Project("{9A19103F-16F7-4668-BE54-9A1E7A4F7556}") = "PermissionGateway", "..\PermissionApi\01-Gateway\PermissionGateway\PermissionGateway.csproj", "{4CF196FD-DF13-4D11-A925-AC07388E45CB}"
EndProject
Project("{2150E333-8FDC-42A3-9474-1A3956D46DE8}") = "02-Caching", "02-Caching", "{308F22C9-C745-4D1A-9B5E-DAD2C9F43FD1}"
EndProject
Project("{9A19103F-16F7-4668-BE54-9A1E7A4F7556}") = "RedisCaching", "..\PermissionApi\02-Caching\RedisCaching\RedisCaching.csproj", "{125CE94C-8049-4073-8486-3935F841C0F1}"
EndProject
Project("{9A19103F-16F7-4668-BE54-9A1E7A4F7556}") = "CacheConsole", "..\PermissionApi\02-Caching\CacheConsole\CacheConsole.csproj", "{C9665118-C043-43A0-9CCF-532A1242BE8C}"
EndProject
Project("{2150E333-8FDC-42A3-9474-1A3956D46DE8}") = "03-MessageBroker", "03-MessageBroker", "{FA81E507-294D-4B7E-99F9-16350D76698A}"
EndProject
Project("{2150E333-8FDC-42A3-9474-1A3956D46DE8}") = "04-WebAPI", "04-WebAPI", "{B25549B6-204A-45FC-AE30-6675F73856C1}"
EndProject
Project("{9A19103F-16F7-4668-BE54-9A1E7A4F7556}") = "MessageBroker.Client", "..\PermissionApi\03-MessageBroker\MessageBroker.Client\MessageBroker.Client.csproj", "{6F561ED4-CEC8-4584-9154-524DB63BA5B8}"
EndProject
Project("{9A19103F-16F7-4668-BE54-9A1E7A4F7556}") = "Permission.ApiGateway", "..\PermissionApi\01-Gateway\Permission.ApiGateway\Permission.ApiGateway.csproj", "{9D180733-E9AF-4C55-977A-20AA94043FED}"
EndProject
Project("{9A19103F-16F7-4668-BE54-9A1E7A4F7556}") = "Auth.Api", "..\PermissionApi\04-WebApi\Auth.Api\Auth.Api.csproj", "{C16EB286-7AA0-4647-BB5A-E4BCE7B67E0E}"
EndProject
Project("{9A19103F-16F7-4668-BE54-9A1E7A4F7556}") = "Auth.ActiveDirectory.Core", "..\PermissionApi\04-WebApi\Auth.ActiveDirectory.Core\Auth.ActiveDirectory.Core.csproj", "{0F3DAF86-9F1C-4FA7-93F2-4C604CE2ABED}"
EndProject
Project("{FAE04EC0-301F-11D3-BF4B-00C04F79EFBC}") = "TestWeb.Api", "..\PermissionApi\04-WebApi\TestWeb.Api\TestWeb.Api.csproj", "{3402A525-C32C-4E57-92A2-A881B94102D0}"
EndProject
Global
	GlobalSection(SolutionConfigurationPlatforms) = preSolution
		Debug|Any CPU = Debug|Any CPU
		Release|Any CPU = Release|Any CPU
	EndGlobalSection
	GlobalSection(ProjectConfigurationPlatforms) = postSolution
		{4CF196FD-DF13-4D11-A925-AC07388E45CB}.Debug|Any CPU.ActiveCfg = Debug|Any CPU
		{4CF196FD-DF13-4D11-A925-AC07388E45CB}.Debug|Any CPU.Build.0 = Debug|Any CPU
		{4CF196FD-DF13-4D11-A925-AC07388E45CB}.Release|Any CPU.ActiveCfg = Release|Any CPU
		{4CF196FD-DF13-4D11-A925-AC07388E45CB}.Release|Any CPU.Build.0 = Release|Any CPU
		{125CE94C-8049-4073-8486-3935F841C0F1}.Debug|Any CPU.ActiveCfg = Debug|Any CPU
		{125CE94C-8049-4073-8486-3935F841C0F1}.Debug|Any CPU.Build.0 = Debug|Any CPU
		{125CE94C-8049-4073-8486-3935F841C0F1}.Release|Any CPU.ActiveCfg = Release|Any CPU
		{125CE94C-8049-4073-8486-3935F841C0F1}.Release|Any CPU.Build.0 = Release|Any CPU
		{C9665118-C043-43A0-9CCF-532A1242BE8C}.Debug|Any CPU.ActiveCfg = Debug|Any CPU
		{C9665118-C043-43A0-9CCF-532A1242BE8C}.Debug|Any CPU.Build.0 = Debug|Any CPU
		{C9665118-C043-43A0-9CCF-532A1242BE8C}.Release|Any CPU.ActiveCfg = Release|Any CPU
		{C9665118-C043-43A0-9CCF-532A1242BE8C}.Release|Any CPU.Build.0 = Release|Any CPU
		{6F561ED4-CEC8-4584-9154-524DB63BA5B8}.Debug|Any CPU.ActiveCfg = Debug|Any CPU
		{6F561ED4-CEC8-4584-9154-524DB63BA5B8}.Debug|Any CPU.Build.0 = Debug|Any CPU
		{6F561ED4-CEC8-4584-9154-524DB63BA5B8}.Release|Any CPU.ActiveCfg = Release|Any CPU
		{6F561ED4-CEC8-4584-9154-524DB63BA5B8}.Release|Any CPU.Build.0 = Release|Any CPU
		{9D180733-E9AF-4C55-977A-20AA94043FED}.Debug|Any CPU.ActiveCfg = Debug|Any CPU
		{9D180733-E9AF-4C55-977A-20AA94043FED}.Debug|Any CPU.Build.0 = Debug|Any CPU
		{9D180733-E9AF-4C55-977A-20AA94043FED}.Release|Any CPU.ActiveCfg = Release|Any CPU
		{9D180733-E9AF-4C55-977A-20AA94043FED}.Release|Any CPU.Build.0 = Release|Any CPU
		{C16EB286-7AA0-4647-BB5A-E4BCE7B67E0E}.Debug|Any CPU.ActiveCfg = Debug|Any CPU
		{C16EB286-7AA0-4647-BB5A-E4BCE7B67E0E}.Debug|Any CPU.Build.0 = Debug|Any CPU
		{C16EB286-7AA0-4647-BB5A-E4BCE7B67E0E}.Release|Any CPU.ActiveCfg = Release|Any CPU
		{C16EB286-7AA0-4647-BB5A-E4BCE7B67E0E}.Release|Any CPU.Build.0 = Release|Any CPU
		{0F3DAF86-9F1C-4FA7-93F2-4C604CE2ABED}.Debug|Any CPU.ActiveCfg = Debug|Any CPU
		{0F3DAF86-9F1C-4FA7-93F2-4C604CE2ABED}.Debug|Any CPU.Build.0 = Debug|Any CPU
		{0F3DAF86-9F1C-4FA7-93F2-4C604CE2ABED}.Release|Any CPU.ActiveCfg = Release|Any CPU
		{0F3DAF86-9F1C-4FA7-93F2-4C604CE2ABED}.Release|Any CPU.Build.0 = Release|Any CPU
		{3402A525-C32C-4E57-92A2-A881B94102D0}.Debug|Any CPU.ActiveCfg = Debug|Any CPU
		{3402A525-C32C-4E57-92A2-A881B94102D0}.Debug|Any CPU.Build.0 = Debug|Any CPU
		{3402A525-C32C-4E57-92A2-A881B94102D0}.Release|Any CPU.ActiveCfg = Release|Any CPU
		{3402A525-C32C-4E57-92A2-A881B94102D0}.Release|Any CPU.Build.0 = Release|Any CPU
	EndGlobalSection
	GlobalSection(SolutionProperties) = preSolution
		HideSolutionNode = FALSE
	EndGlobalSection
	GlobalSection(NestedProjects) = preSolution
		{4CF196FD-DF13-4D11-A925-AC07388E45CB} = {7198296F-AE84-4135-B8F7-552CA1AB0239}
		{125CE94C-8049-4073-8486-3935F841C0F1} = {308F22C9-C745-4D1A-9B5E-DAD2C9F43FD1}
		{C9665118-C043-43A0-9CCF-532A1242BE8C} = {308F22C9-C745-4D1A-9B5E-DAD2C9F43FD1}
		{6F561ED4-CEC8-4584-9154-524DB63BA5B8} = {FA81E507-294D-4B7E-99F9-16350D76698A}
		{9D180733-E9AF-4C55-977A-20AA94043FED} = {7198296F-AE84-4135-B8F7-552CA1AB0239}
		{C16EB286-7AA0-4647-BB5A-E4BCE7B67E0E} = {B25549B6-204A-45FC-AE30-6675F73856C1}
		{0F3DAF86-9F1C-4FA7-93F2-4C604CE2ABED} = {B25549B6-204A-45FC-AE30-6675F73856C1}
		{3402A525-C32C-4E57-92A2-A881B94102D0} = {B25549B6-204A-45FC-AE30-6675F73856C1}
	EndGlobalSection
	GlobalSection(ExtensibilityGlobals) = postSolution
		SolutionGuid = {DDA7CC31-48BC-44D6-A6B1-9634E0770559}
	EndGlobalSection
EndGlobal
